Microsoft Visual Studio Solution File, Format Version 12.00
# Visual Studio Version 17
VisualStudioVersion = 17.5.2.0
MinimumVisualStudioVersion = 10.0.40219.1
Project("{2150E333-8FDC-42A3-9474-1A3956D46DE8}") = "log660-lab2-serveur", "log660-lab2-serveur", "{7B520F7E-9349-CAD2-B519-8F913E5B6102}"
EndProject
Project("{FAE04EC0-301F-11D3-BF4B-00C04F79EFBC}") = "log660-lab2-serveur", "log660-lab2-serveur\log660-lab2-serveur\log660-lab2-serveur.csproj", "{A4026C70-C722-B55F-234E-8E1D4524F823}"
EndProject
Global
	GlobalSection(SolutionConfigurationPlatforms) = preSolution
		Debug|Any CPU = Debug|Any CPU
		Release|Any CPU = Release|Any CPU
	EndGlobalSection
	GlobalSection(ProjectConfigurationPlatforms) = postSolution
		{A4026C70-C722-B55F-234E-8E1D4524F823}.Debug|Any CPU.ActiveCfg = Debug|Any CPU
		{A4026C70-C722-B55F-234E-8E1D4524F823}.Debug|Any CPU.Build.0 = Debug|Any CPU
		{A4026C70-C722-B55F-234E-8E1D4524F823}.Release|Any CPU.ActiveCfg = Release|Any CPU
		{A4026C70-C722-B55F-234E-8E1D4524F823}.Release|Any CPU.Build.0 = Release|Any CPU
	EndGlobalSection
	GlobalSection(SolutionProperties) = preSolution
		HideSolutionNode = FALSE
	EndGlobalSection
	GlobalSection(NestedProjects) = preSolution
		{A4026C70-C722-B55F-234E-8E1D4524F823} = {7B520F7E-9349-CAD2-B519-8F913E5B6102}
	EndGlobalSection
	GlobalSection(ExtensibilityGlobals) = postSolution
		SolutionGuid = {04D96F27-D58D-4BD3-A868-1F8FE3544FD3}
	EndGlobalSection
EndGlobal
